
Microsoft Visual Studio Solution File, Format Version 12.00
# Visual Studio Version 17
VisualStudioVersion = 17.11.35219.272
MinimumVisualStudioVersion = 10.0.40219.1
Project("{8BC9CEB8-8B4A-11D0-8D11-00A0C91BC942}") = "server_application", "server_application\server_application.vcxproj", "{6D7FE4A0-76EF-472A-9404-F396DEB72AA6}"
EndProject
Project("{8BC9CEB8-8B4A-11D0-8D11-00A0C91BC942}") = "client_gui", "client_gui\client_gui.vcxproj", "{6ED91219-C6A7-4D9D-A8A9-046A68D34812}"
EndProject
Project("{8BC9CEB8-8B4A-11D0-8D11-00A0C91BC942}") = "hashtable", "hashtable\hashtable.vcxproj", "{780C420A-6B60-472E-89B2-C86561F7375D}"
EndProject
Project("{8BC9CEB8-8B4A-11D0-8D11-00A0C91BC942}") = "linkedlist", "linkedlist\linkedlist.vcxproj", "{361D6664-8FA8-409A-A9CC-5A2063A4EDBB}"
EndProject
Project("{8BC9CEB8-8B4A-11D0-8D11-00A0C91BC942}") = "networking", "networking\networking.vcxproj", "{740D9028-C1E4-4D51-8BCC-437140EC8363}"
EndProject
Project("{8BC9CEB8-8B4A-11D0-8D11-00A0C91BC942}") = "Unit Testing", "Unit Testing\Unit Testing.vcxproj", "{C7B49C77-DBE0-46E1-BA03-0D2044FDAE3F}"
EndProject
Project("{8BC9CEB8-8B4A-11D0-8D11-00A0C91BC942}") = "client_cli", "client_cli\client_cli.vcxproj", "{07F9C139-6072-40A8-BB01-DA785361B35E}"
EndProject
Global
	GlobalSection(SolutionConfigurationPlatforms) = preSolution
		Debug|x64 = Debug|x64
		Debug|x86 = Debug|x86
		Release|x64 = Release|x64
		Release|x86 = Release|x86
	EndGlobalSection
	GlobalSection(ProjectConfigurationPlatforms) = postSolution
		{6D7FE4A0-76EF-472A-9404-F396DEB72AA6}.Debug|x64.ActiveCfg = Debug|x64
		{6D7FE4A0-76EF-472A-9404-F396DEB72AA6}.Debug|x64.Build.0 = Debug|x64
		{6D7FE4A0-76EF-472A-9404-F396DEB72AA6}.Debug|x86.ActiveCfg = Debug|Win32
		{6D7FE4A0-76EF-472A-9404-F396DEB72AA6}.Debug|x86.Build.0 = Debug|Win32
		{6D7FE4A0-76EF-472A-9404-F396DEB72AA6}.Release|x64.ActiveCfg = Release|x64
		{6D7FE4A0-76EF-472A-9404-F396DEB72AA6}.Release|x64.Build.0 = Release|x64
		{6D7FE4A0-76EF-472A-9404-F396DEB72AA6}.Release|x86.ActiveCfg = Release|Win32
		{6D7FE4A0-76EF-472A-9404-F396DEB72AA6}.Release|x86.Build.0 = Release|Win32
		{6ED91219-C6A7-4D9D-A8A9-046A68D34812}.Debug|x64.ActiveCfg = Debug|x64
		{6ED91219-C6A7-4D9D-A8A9-046A68D34812}.Debug|x64.Build.0 = Debug|x64
		{6ED91219-C6A7-4D9D-A8A9-046A68D34812}.Debug|x86.ActiveCfg = Debug|Win32
		{6ED91219-C6A7-4D9D-A8A9-046A68D34812}.Debug|x86.Build.0 = Debug|Win32
		{6ED91219-C6A7-4D9D-A8A9-046A68D34812}.Release|x64.ActiveCfg = Release|x64
		{6ED91219-C6A7-4D9D-A8A9-046A68D34812}.Release|x64.Build.0 = Release|x64
		{6ED91219-C6A7-4D9D-A8A9-046A68D34812}.Release|x86.ActiveCfg = Release|Win32
		{6ED91219-C6A7-4D9D-A8A9-046A68D34812}.Release|x86.Build.0 = Release|Win32
		{780C420A-6B60-472E-89B2-C86561F7375D}.Debug|x64.ActiveCfg = Debug|x64
		{780C420A-6B60-472E-89B2-C86561F7375D}.Debug|x64.Build.0 = Debug|x64
		{780C420A-6B60-472E-89B2-C86561F7375D}.Debug|x86.ActiveCfg = Debug|Win32
		{780C420A-6B60-472E-89B2-C86561F7375D}.Debug|x86.Build.0 = Debug|Win32
		{780C420A-6B60-472E-89B2-C86561F7375D}.Release|x64.ActiveCfg = Release|x64
		{780C420A-6B60-472E-89B2-C86561F7375D}.Release|x64.Build.0 = Release|x64
		{780C420A-6B60-472E-89B2-C86561F7375D}.Release|x86.ActiveCfg = Release|Win32
		{780C420A-6B60-472E-89B2-C86561F7375D}.Release|x86.Build.0 = Release|Win32
		{361D6664-8FA8-409A-A9CC-5A2063A4EDBB}.Debug|x64.ActiveCfg = Debug|x64
		{361D6664-8FA8-409A-A9CC-5A2063A4EDBB}.Debug|x64.Build.0 = Debug|x64
		{361D6664-8FA8-409A-A9CC-5A2063A4EDBB}.Debug|x86.ActiveCfg = Debug|Win32
		{361D6664-8FA8-409A-A9CC-5A2063A4EDBB}.Debug|x86.Build.0 = Debug|Win32
		{361D6664-8FA8-409A-A9CC-5A2063A4EDBB}.Release|x64.ActiveCfg = Release|x64
		{361D6664-8FA8-409A-A9CC-5A2063A4EDBB}.Release|x64.Build.0 = Release|x64
		{361D6664-8FA8-409A-A9CC-5A2063A4EDBB}.Release|x86.ActiveCfg = Release|Win32
		{361D6664-8FA8-409A-A9CC-5A2063A4EDBB}.Release|x86.Build.0 = Release|Win32
		{740D9028-C1E4-4D51-8BCC-437140EC8363}.Debug|x64.ActiveCfg = Debug|x64
		{740D9028-C1E4-4D51-8BCC-437140EC8363}.Debug|x64.Build.0 = Debug|x64
		{740D9028-C1E4-4D51-8BCC-437140EC8363}.Debug|x86.ActiveCfg = Debug|Win32
		{740D9028-C1E4-4D51-8BCC-437140EC8363}.Debug|x86.Build.0 = Debug|Win32
		{740D9028-C1E4-4D51-8BCC-437140EC8363}.Release|x64.ActiveCfg = Release|x64
		{740D9028-C1E4-4D51-8BCC-437140EC8363}.Release|x64.Build.0 = Release|x64
		{740D9028-C1E4-4D51-8BCC-437140EC8363}.Release|x86.ActiveCfg = Release|Win32
		{740D9028-C1E4-4D51-8BCC-437140EC8363}.Release|x86.Build.0 = Release|Win32
		{C7B49C77-DBE0-46E1-BA03-0D2044FDAE3F}.Debug|x64.ActiveCfg = Debug|x64
		{C7B49C77-DBE0-46E1-BA03-0D2044FDAE3F}.Debug|x64.Build.0 = Debug|x64
		{C7B49C77-DBE0-46E1-BA03-0D2044FDAE3F}.Debug|x86.ActiveCfg = Debug|Win32
		{C7B49C77-DBE0-46E1-BA03-0D2044FDAE3F}.Debug|x86.Build.0 = Debug|Win32
		{C7B49C77-DBE0-46E1-BA03-0D2044FDAE3F}.Release|x64.ActiveCfg = Release|x64
		{C7B49C77-DBE0-46E1-BA03-0D2044FDAE3F}.Release|x64.Build.0 = Release|x64
		{C7B49C77-DBE0-46E1-BA03-0D2044FDAE3F}.Release|x86.ActiveCfg = Release|Win32
		{C7B49C77-DBE0-46E1-BA03-0D2044FDAE3F}.Release|x86.Build.0 = Release|Win32
		{07F9C139-6072-40A8-BB01-DA785361B35E}.Debug|x64.ActiveCfg = Debug|x64
		{07F9C139-6072-40A8-BB01-DA785361B35E}.Debug|x64.Build.0 = Debug|x64
		{07F9C139-6072-40A8-BB01-DA785361B35E}.Debug|x86.ActiveCfg = Debug|Win32
		{07F9C139-6072-40A8-BB01-DA785361B35E}.Debug|x86.Build.0 = Debug|Win32
		{07F9C139-6072-40A8-BB01-DA785361B35E}.Release|x64.ActiveCfg = Release|x64
		{07F9C139-6072-40A8-BB01-DA785361B35E}.Release|x64.Build.0 = Release|x64
		{07F9C139-6072-40A8-BB01-DA785361B35E}.Release|x86.ActiveCfg = Release|Win32
		{07F9C139-6072-40A8-BB01-DA785361B35E}.Release|x86.Build.0 = Release|Win32
	EndGlobalSection
	GlobalSection(SolutionProperties) = preSolution
		HideSolutionNode = FALSE
	EndGlobalSection
	GlobalSection(ExtensibilityGlobals) = postSolution
		SolutionGuid = {8D1E8ABF-622A-475C-B1F0-4204FE2D4D4A}
	EndGlobalSection
EndGlobal
